
Microsoft Visual Studio Solution File, Format Version 12.00
# Visual Studio Version 17
VisualStudioVersion = 17.0.31912.275
MinimumVisualStudioVersion = 10.0.40219.1
Project("{9A19103F-16F7-4668-BE54-9A1E7A4F7556}") = "Hello", "Hello\Hello.csproj", "{00E2384B-A318-4DE4-A5C1-A8A3A0148E18}"
EndProject
Project("{9A19103F-16F7-4668-BE54-9A1E7A4F7556}") = "Sum", "Sum\Sum.csproj", "{22F92716-C7D3-4D29-B08F-B1AFF7EA4E5F}"
EndProject
Project("{9A19103F-16F7-4668-BE54-9A1E7A4F7556}") = "Divide", "Divide\Divide.csproj", "{C561B0D5-BB2C-4AAF-AFAD-19629DDE6012}"
EndProject
Project("{9A19103F-16F7-4668-BE54-9A1E7A4F7556}") = "Pattern", "Pattern\Pattern.csproj", "{FD081ABA-4221-4237-93D0-08E1D8639470}"
EndProject
Project("{9A19103F-16F7-4668-BE54-9A1E7A4F7556}") = "Swap", "Swap\Swap.csproj", "{0FE46557-EE09-4C37-B50A-10A5E937E832}"
EndProject
Project("{9A19103F-16F7-4668-BE54-9A1E7A4F7556}") = "Multiply", "Multiply\Multiply.csproj", "{784F742B-BAE0-4F74-8150-8AD1C8E74A8B}"
EndProject
Project("{9A19103F-16F7-4668-BE54-9A1E7A4F7556}") = "ScreenOutputofDiffOperation", "ScreenOutputofDiffOperation\ScreenOutputofDiffOperation.csproj", "{AEC302B6-16D5-4D67-8522-93CB150E6229}"
EndProject
Project("{9A19103F-16F7-4668-BE54-9A1E7A4F7556}") = "MultiplicationTable", "MultiplicationTable\MultiplicationTable.csproj", "{E31B7FBE-E491-466E-8734-6DB31DE311E4}"
EndProject
Project("{9A19103F-16F7-4668-BE54-9A1E7A4F7556}") = "Average", "Average\Average.csproj", "{05264DA8-928B-47AC-A382-646E9019C222}"
EndProject
Project("{9A19103F-16F7-4668-BE54-9A1E7A4F7556}") = "PrintOfInput", "PrintOfInput\PrintOfInput.csproj", "{FA724B2C-E966-4197-856F-AB910A2F2AF5}"
EndProject
Project("{9A19103F-16F7-4668-BE54-9A1E7A4F7556}") = "TestData", "TestData\TestData.csproj", "{56A07475-CD4A-4466-AC0D-29C325FBF3D0}"
EndProject
Project("{9A19103F-16F7-4668-BE54-9A1E7A4F7556}") = "Rectangular", "Rectangular\Rectangular.csproj", "{C843E092-BB10-40D0-937D-3A57F4D8508B}"
EndProject
Project("{9A19103F-16F7-4668-BE54-9A1E7A4F7556}") = "CelsiusToKelvinandFahrenheit", "CelsiusToKelvinandFahrenheit\CelsiusToKelvinandFahrenheit.csproj", "{B89FE8C4-06F6-4B13-9D0E-7A696DB4E416}"
EndProject
Project("{9A19103F-16F7-4668-BE54-9A1E7A4F7556}") = "SpecifiedCharacter", "SpecifiedCharacter\SpecifiedCharacter.csproj", "{453A9272-2DAC-497B-AA38-C07B3F019800}"
EndProject
Project("{9A19103F-16F7-4668-BE54-9A1E7A4F7556}") = "FirstAndLastCharactersChange", "FirstAndLastCharactersChange\FirstAndLastCharactersChange.csproj", "{653ED2FC-10CE-4AB9-9B49-5D903B77B04B}"
EndProject
Project("{9A19103F-16F7-4668-BE54-9A1E7A4F7556}") = "StringCharacter", "StringCharacter\StringCharacter.csproj", "{9C280820-1123-4C6E-A4A9-5A6EB4C73DEE}"
EndProject
Project("{9A19103F-16F7-4668-BE54-9A1E7A4F7556}") = "EvenOddTrueFalse", "EvenOddTrueFalse\EvenOddTrueFalse.csproj", "{8A0C6E9E-0759-4F4D-8BC3-27CAAC597937}"
EndProject
Project("{9A19103F-16F7-4668-BE54-9A1E7A4F7556}") = "Custom", "Custom\Custom.csproj", "{A4988765-6457-48C1-82B7-818F03AA6C70}"
EndProject
Project("{9A19103F-16F7-4668-BE54-9A1E7A4F7556}") = "AbsoluteValue", "AbsoluteValue\AbsoluteValue.csproj", "{7936D529-40C7-46E2-A960-425216DDD289}"
EndProject
Project("{9A19103F-16F7-4668-BE54-9A1E7A4F7556}") = "CheckTheSum", "CheckTheSum\CheckTheSum.csproj", "{773E4055-2B09-4E2A-B945-DFD5AF681612}"
EndProject
Project("{9A19103F-16F7-4668-BE54-9A1E7A4F7556}") = "GivenIntegerIsWithin20", "GivenIntegerIsWithin20\GivenIntegerIsWithin20.csproj", "{F24E5714-F673-4912-85B2-BF53B046C298}"
EndProject
Project("{9A19103F-16F7-4668-BE54-9A1E7A4F7556}") = "StringintoLowercase", "StringintoLowercase\StringintoLowercase.csproj", "{51F19CF9-1AEA-479A-A5C2-BBE237757001}"
EndProject
Project("{9A19103F-16F7-4668-BE54-9A1E7A4F7556}") = "LongestWord", "LongestWord\LongestWord.csproj", "{F57607C2-2A68-4160-94E8-0DE043489651}"
EndProject
Project("{9A19103F-16F7-4668-BE54-9A1E7A4F7556}") = "ODDNumber", "ODDNumber\ODDNumber.csproj", "{1F327636-8E20-4576-9BB2-FD7A3A8A8C49}"
EndProject
Project("{9A19103F-16F7-4668-BE54-9A1E7A4F7556}") = "SumOfFirst500PrimeNumbers", "SumOfFirst500PrimeNumbers\SumOfFirst500PrimeNumbers.csproj", "{E2C5A846-98E0-4E03-97F5-B9EEF504D8D5}"
EndProject
Project("{9A19103F-16F7-4668-BE54-9A1E7A4F7556}") = "IsPrimeOrNot", "IsPrimeOrNot\IsPrimeOrNot.csproj", "{49747BBB-1256-468F-B282-616F3CFAEC22}"
EndProject
Project("{9A19103F-16F7-4668-BE54-9A1E7A4F7556}") = "27_SumOfTheDigits", "27_SumOfTheDigits\27_SumOfTheDigits.csproj", "{FFE0E2AD-2120-4819-9093-E67ECBDBF8D3}"
EndProject
Project("{9A19103F-16F7-4668-BE54-9A1E7A4F7556}") = "28_Piramid", "28_Piramid\28_Piramid.csproj", "{FE3C7DC2-76FE-4352-AB98-8CA5AE43A408}"
EndProject
Project("{9A19103F-16F7-4668-BE54-9A1E7A4F7556}") = "FileSizeCalculator", "FileSiseCalculator\FileSizeCalculator.csproj", "{18009C82-5A63-41FE-BAEE-3D8F00081A74}"
EndProject
Project("{FAE04EC0-301F-11D3-BF4B-00C04F79EFBC}") = "GivenNumbersWhereOneIsLessThanHundred", "GivenNumbersWhereOneIsLessThanHundred\GivenNumbersWhereOneIsLessThanHundred.csproj", "{D98B3DAC-40B6-484D-AE33-EC75089C9DBD}"
EndProject
Project("{FAE04EC0-301F-11D3-BF4B-00C04F79EFBC}") = "RangeCheck", "RangeCheck\RangeCheck.csproj", "{B285CDFF-1C61-40CE-9CD8-D139C819E094}"
EndProject
Project("{FAE04EC0-301F-11D3-BF4B-00C04F79EFBC}") = "StringAppearPosition", "StringAppearPosition\StringAppearPosition.csproj", "{4CC5B866-40BA-4B98-B0A2-E79A16D8D24E}"
EndProject
Project("{FAE04EC0-301F-11D3-BF4B-00C04F79EFBC}") = "NewStringofTwoCharacters", "NewStringofTwoCharacters\NewStringofTwoCharacters.csproj", "{704A5BE5-6569-49FC-A4FD-DEBB1DC6998F}"
EndProject
Project("{FAE04EC0-301F-11D3-BF4B-00C04F79EFBC}") = "LargestLowestValue", "LargestLowestValue\LargestLowestValue.csproj", "{D0C4EBF5-FB42-49A2-BC04-50D3CC72D109}"
EndProject
Project("{FAE04EC0-301F-11D3-BF4B-00C04F79EFBC}") = "NearestValue", "NearestValue\NearestValue.csproj", "{22DFC601-6977-45A3-9CE4-2565A228A191}"
EndProject
Global
	GlobalSection(SolutionConfigurationPlatforms) = preSolution
		Debug|Any CPU = Debug|Any CPU
		Release|Any CPU = Release|Any CPU
	EndGlobalSection
	GlobalSection(ProjectConfigurationPlatforms) = postSolution
		{00E2384B-A318-4DE4-A5C1-A8A3A0148E18}.Debug|Any CPU.ActiveCfg = Debug|Any CPU
		{00E2384B-A318-4DE4-A5C1-A8A3A0148E18}.Debug|Any CPU.Build.0 = Debug|Any CPU
		{00E2384B-A318-4DE4-A5C1-A8A3A0148E18}.Release|Any CPU.ActiveCfg = Release|Any CPU
		{00E2384B-A318-4DE4-A5C1-A8A3A0148E18}.Release|Any CPU.Build.0 = Release|Any CPU
		{22F92716-C7D3-4D29-B08F-B1AFF7EA4E5F}.Debug|Any CPU.ActiveCfg = Debug|Any CPU
		{22F92716-C7D3-4D29-B08F-B1AFF7EA4E5F}.Debug|Any CPU.Build.0 = Debug|Any CPU
		{22F92716-C7D3-4D29-B08F-B1AFF7EA4E5F}.Release|Any CPU.ActiveCfg = Release|Any CPU
		{22F92716-C7D3-4D29-B08F-B1AFF7EA4E5F}.Release|Any CPU.Build.0 = Release|Any CPU
		{C561B0D5-BB2C-4AAF-AFAD-19629DDE6012}.Debug|Any CPU.ActiveCfg = Debug|Any CPU
		{C561B0D5-BB2C-4AAF-AFAD-19629DDE6012}.Debug|Any CPU.Build.0 = Debug|Any CPU
		{C561B0D5-BB2C-4AAF-AFAD-19629DDE6012}.Release|Any CPU.ActiveCfg = Release|Any CPU
		{C561B0D5-BB2C-4AAF-AFAD-19629DDE6012}.Release|Any CPU.Build.0 = Release|Any CPU
		{FD081ABA-4221-4237-93D0-08E1D8639470}.Debug|Any CPU.ActiveCfg = Debug|Any CPU
		{FD081ABA-4221-4237-93D0-08E1D8639470}.Debug|Any CPU.Build.0 = Debug|Any CPU
		{FD081ABA-4221-4237-93D0-08E1D8639470}.Release|Any CPU.ActiveCfg = Release|Any CPU
		{FD081ABA-4221-4237-93D0-08E1D8639470}.Release|Any CPU.Build.0 = Release|Any CPU
		{0FE46557-EE09-4C37-B50A-10A5E937E832}.Debug|Any CPU.ActiveCfg = Debug|Any CPU
		{0FE46557-EE09-4C37-B50A-10A5E937E832}.Debug|Any CPU.Build.0 = Debug|Any CPU
		{0FE46557-EE09-4C37-B50A-10A5E937E832}.Release|Any CPU.ActiveCfg = Release|Any CPU
		{0FE46557-EE09-4C37-B50A-10A5E937E832}.Release|Any CPU.Build.0 = Release|Any CPU
		{784F742B-BAE0-4F74-8150-8AD1C8E74A8B}.Debug|Any CPU.ActiveCfg = Debug|Any CPU
		{784F742B-BAE0-4F74-8150-8AD1C8E74A8B}.Debug|Any CPU.Build.0 = Debug|Any CPU
		{784F742B-BAE0-4F74-8150-8AD1C8E74A8B}.Release|Any CPU.ActiveCfg = Release|Any CPU
		{784F742B-BAE0-4F74-8150-8AD1C8E74A8B}.Release|Any CPU.Build.0 = Release|Any CPU
		{AEC302B6-16D5-4D67-8522-93CB150E6229}.Debug|Any CPU.ActiveCfg = Debug|Any CPU
		{AEC302B6-16D5-4D67-8522-93CB150E6229}.Debug|Any CPU.Build.0 = Debug|Any CPU
		{AEC302B6-16D5-4D67-8522-93CB150E6229}.Release|Any CPU.ActiveCfg = Release|Any CPU
		{AEC302B6-16D5-4D67-8522-93CB150E6229}.Release|Any CPU.Build.0 = Release|Any CPU
		{E31B7FBE-E491-466E-8734-6DB31DE311E4}.Debug|Any CPU.ActiveCfg = Debug|Any CPU
		{E31B7FBE-E491-466E-8734-6DB31DE311E4}.Debug|Any CPU.Build.0 = Debug|Any CPU
		{E31B7FBE-E491-466E-8734-6DB31DE311E4}.Release|Any CPU.ActiveCfg = Release|Any CPU
		{E31B7FBE-E491-466E-8734-6DB31DE311E4}.Release|Any CPU.Build.0 = Release|Any CPU
		{05264DA8-928B-47AC-A382-646E9019C222}.Debug|Any CPU.ActiveCfg = Debug|Any CPU
		{05264DA8-928B-47AC-A382-646E9019C222}.Debug|Any CPU.Build.0 = Debug|Any CPU
		{05264DA8-928B-47AC-A382-646E9019C222}.Release|Any CPU.ActiveCfg = Release|Any CPU
		{05264DA8-928B-47AC-A382-646E9019C222}.Release|Any CPU.Build.0 = Release|Any CPU
		{FA724B2C-E966-4197-856F-AB910A2F2AF5}.Debug|Any CPU.ActiveCfg = Debug|Any CPU
		{FA724B2C-E966-4197-856F-AB910A2F2AF5}.Debug|Any CPU.Build.0 = Debug|Any CPU
		{FA724B2C-E966-4197-856F-AB910A2F2AF5}.Release|Any CPU.ActiveCfg = Release|Any CPU
		{FA724B2C-E966-4197-856F-AB910A2F2AF5}.Release|Any CPU.Build.0 = Release|Any CPU
		{56A07475-CD4A-4466-AC0D-29C325FBF3D0}.Debug|Any CPU.ActiveCfg = Debug|Any CPU
		{56A07475-CD4A-4466-AC0D-29C325FBF3D0}.Debug|Any CPU.Build.0 = Debug|Any CPU
		{56A07475-CD4A-4466-AC0D-29C325FBF3D0}.Release|Any CPU.ActiveCfg = Release|Any CPU
		{56A07475-CD4A-4466-AC0D-29C325FBF3D0}.Release|Any CPU.Build.0 = Release|Any CPU
		{C843E092-BB10-40D0-937D-3A57F4D8508B}.Debug|Any CPU.ActiveCfg = Debug|Any CPU
		{C843E092-BB10-40D0-937D-3A57F4D8508B}.Debug|Any CPU.Build.0 = Debug|Any CPU
		{C843E092-BB10-40D0-937D-3A57F4D8508B}.Release|Any CPU.ActiveCfg = Release|Any CPU
		{C843E092-BB10-40D0-937D-3A57F4D8508B}.Release|Any CPU.Build.0 = Release|Any CPU
		{B89FE8C4-06F6-4B13-9D0E-7A696DB4E416}.Debug|Any CPU.ActiveCfg = Debug|Any CPU
		{B89FE8C4-06F6-4B13-9D0E-7A696DB4E416}.Debug|Any CPU.Build.0 = Debug|Any CPU
		{B89FE8C4-06F6-4B13-9D0E-7A696DB4E416}.Release|Any CPU.ActiveCfg = Release|Any CPU
		{B89FE8C4-06F6-4B13-9D0E-7A696DB4E416}.Release|Any CPU.Build.0 = Release|Any CPU
		{453A9272-2DAC-497B-AA38-C07B3F019800}.Debug|Any CPU.ActiveCfg = Debug|Any CPU
		{453A9272-2DAC-497B-AA38-C07B3F019800}.Debug|Any CPU.Build.0 = Debug|Any CPU
		{453A9272-2DAC-497B-AA38-C07B3F019800}.Release|Any CPU.ActiveCfg = Release|Any CPU
		{453A9272-2DAC-497B-AA38-C07B3F019800}.Release|Any CPU.Build.0 = Release|Any CPU
		{653ED2FC-10CE-4AB9-9B49-5D903B77B04B}.Debug|Any CPU.ActiveCfg = Debug|Any CPU
		{653ED2FC-10CE-4AB9-9B49-5D903B77B04B}.Debug|Any CPU.Build.0 = Debug|Any CPU
		{653ED2FC-10CE-4AB9-9B49-5D903B77B04B}.Release|Any CPU.ActiveCfg = Release|Any CPU
		{653ED2FC-10CE-4AB9-9B49-5D903B77B04B}.Release|Any CPU.Build.0 = Release|Any CPU
		{9C280820-1123-4C6E-A4A9-5A6EB4C73DEE}.Debug|Any CPU.ActiveCfg = Debug|Any CPU
		{9C280820-1123-4C6E-A4A9-5A6EB4C73DEE}.Debug|Any CPU.Build.0 = Debug|Any CPU
		{9C280820-1123-4C6E-A4A9-5A6EB4C73DEE}.Release|Any CPU.ActiveCfg = Release|Any CPU
		{9C280820-1123-4C6E-A4A9-5A6EB4C73DEE}.Release|Any CPU.Build.0 = Release|Any CPU
		{8A0C6E9E-0759-4F4D-8BC3-27CAAC597937}.Debug|Any CPU.ActiveCfg = Debug|Any CPU
		{8A0C6E9E-0759-4F4D-8BC3-27CAAC597937}.Debug|Any CPU.Build.0 = Debug|Any CPU
		{8A0C6E9E-0759-4F4D-8BC3-27CAAC597937}.Release|Any CPU.ActiveCfg = Release|Any CPU
		{8A0C6E9E-0759-4F4D-8BC3-27CAAC597937}.Release|Any CPU.Build.0 = Release|Any CPU
		{A4988765-6457-48C1-82B7-818F03AA6C70}.Debug|Any CPU.ActiveCfg = Debug|Any CPU
		{A4988765-6457-48C1-82B7-818F03AA6C70}.Debug|Any CPU.Build.0 = Debug|Any CPU
		{A4988765-6457-48C1-82B7-818F03AA6C70}.Release|Any CPU.ActiveCfg = Release|Any CPU
		{A4988765-6457-48C1-82B7-818F03AA6C70}.Release|Any CPU.Build.0 = Release|Any CPU
		{7936D529-40C7-46E2-A960-425216DDD289}.Debug|Any CPU.ActiveCfg = Debug|Any CPU
		{7936D529-40C7-46E2-A960-425216DDD289}.Debug|Any CPU.Build.0 = Debug|Any CPU
		{7936D529-40C7-46E2-A960-425216DDD289}.Release|Any CPU.ActiveCfg = Release|Any CPU
		{7936D529-40C7-46E2-A960-425216DDD289}.Release|Any CPU.Build.0 = Release|Any CPU
		{773E4055-2B09-4E2A-B945-DFD5AF681612}.Debug|Any CPU.ActiveCfg = Debug|Any CPU
		{773E4055-2B09-4E2A-B945-DFD5AF681612}.Debug|Any CPU.Build.0 = Debug|Any CPU
		{773E4055-2B09-4E2A-B945-DFD5AF681612}.Release|Any CPU.ActiveCfg = Release|Any CPU
		{773E4055-2B09-4E2A-B945-DFD5AF681612}.Release|Any CPU.Build.0 = Release|Any CPU
		{F24E5714-F673-4912-85B2-BF53B046C298}.Debug|Any CPU.ActiveCfg = Debug|Any CPU
		{F24E5714-F673-4912-85B2-BF53B046C298}.Debug|Any CPU.Build.0 = Debug|Any CPU
		{F24E5714-F673-4912-85B2-BF53B046C298}.Release|Any CPU.ActiveCfg = Release|Any CPU
		{F24E5714-F673-4912-85B2-BF53B046C298}.Release|Any CPU.Build.0 = Release|Any CPU
		{51F19CF9-1AEA-479A-A5C2-BBE237757001}.Debug|Any CPU.ActiveCfg = Debug|Any CPU
		{51F19CF9-1AEA-479A-A5C2-BBE237757001}.Debug|Any CPU.Build.0 = Debug|Any CPU
		{51F19CF9-1AEA-479A-A5C2-BBE237757001}.Release|Any CPU.ActiveCfg = Release|Any CPU
		{51F19CF9-1AEA-479A-A5C2-BBE237757001}.Release|Any CPU.Build.0 = Release|Any CPU
		{F57607C2-2A68-4160-94E8-0DE043489651}.Debug|Any CPU.ActiveCfg = Debug|Any CPU
		{F57607C2-2A68-4160-94E8-0DE043489651}.Debug|Any CPU.Build.0 = Debug|Any CPU
		{F57607C2-2A68-4160-94E8-0DE043489651}.Release|Any CPU.ActiveCfg = Release|Any CPU
		{F57607C2-2A68-4160-94E8-0DE043489651}.Release|Any CPU.Build.0 = Release|Any CPU
		{1F327636-8E20-4576-9BB2-FD7A3A8A8C49}.Debug|Any CPU.ActiveCfg = Debug|Any CPU
		{1F327636-8E20-4576-9BB2-FD7A3A8A8C49}.Debug|Any CPU.Build.0 = Debug|Any CPU
		{1F327636-8E20-4576-9BB2-FD7A3A8A8C49}.Release|Any CPU.ActiveCfg = Release|Any CPU
		{1F327636-8E20-4576-9BB2-FD7A3A8A8C49}.Release|Any CPU.Build.0 = Release|Any CPU
		{E2C5A846-98E0-4E03-97F5-B9EEF504D8D5}.Debug|Any CPU.ActiveCfg = Debug|Any CPU
		{E2C5A846-98E0-4E03-97F5-B9EEF504D8D5}.Debug|Any CPU.Build.0 = Debug|Any CPU
		{E2C5A846-98E0-4E03-97F5-B9EEF504D8D5}.Release|Any CPU.ActiveCfg = Release|Any CPU
		{E2C5A846-98E0-4E03-97F5-B9EEF504D8D5}.Release|Any CPU.Build.0 = Release|Any CPU
		{49747BBB-1256-468F-B282-616F3CFAEC22}.Debug|Any CPU.ActiveCfg = Debug|Any CPU
		{49747BBB-1256-468F-B282-616F3CFAEC22}.Debug|Any CPU.Build.0 = Debug|Any CPU
		{49747BBB-1256-468F-B282-616F3CFAEC22}.Release|Any CPU.ActiveCfg = Release|Any CPU
		{49747BBB-1256-468F-B282-616F3CFAEC22}.Release|Any CPU.Build.0 = Release|Any CPU
		{FFE0E2AD-2120-4819-9093-E67ECBDBF8D3}.Debug|Any CPU.ActiveCfg = Debug|Any CPU
		{FFE0E2AD-2120-4819-9093-E67ECBDBF8D3}.Debug|Any CPU.Build.0 = Debug|Any CPU
		{FFE0E2AD-2120-4819-9093-E67ECBDBF8D3}.Release|Any CPU.ActiveCfg = Release|Any CPU
		{FFE0E2AD-2120-4819-9093-E67ECBDBF8D3}.Release|Any CPU.Build.0 = Release|Any CPU
		{FE3C7DC2-76FE-4352-AB98-8CA5AE43A408}.Debug|Any CPU.ActiveCfg = Debug|Any CPU
		{FE3C7DC2-76FE-4352-AB98-8CA5AE43A408}.Debug|Any CPU.Build.0 = Debug|Any CPU
		{FE3C7DC2-76FE-4352-AB98-8CA5AE43A408}.Release|Any CPU.ActiveCfg = Release|Any CPU
		{FE3C7DC2-76FE-4352-AB98-8CA5AE43A408}.Release|Any CPU.Build.0 = Release|Any CPU
		{18009C82-5A63-41FE-BAEE-3D8F00081A74}.Debug|Any CPU.ActiveCfg = Debug|Any CPU
		{18009C82-5A63-41FE-BAEE-3D8F00081A74}.Debug|Any CPU.Build.0 = Debug|Any CPU
		{18009C82-5A63-41FE-BAEE-3D8F00081A74}.Release|Any CPU.ActiveCfg = Release|Any CPU
		{18009C82-5A63-41FE-BAEE-3D8F00081A74}.Release|Any CPU.Build.0 = Release|Any CPU
		{D98B3DAC-40B6-484D-AE33-EC75089C9DBD}.Debug|Any CPU.ActiveCfg = Debug|Any CPU
		{D98B3DAC-40B6-484D-AE33-EC75089C9DBD}.Debug|Any CPU.Build.0 = Debug|Any CPU
		{D98B3DAC-40B6-484D-AE33-EC75089C9DBD}.Release|Any CPU.ActiveCfg = Release|Any CPU
		{D98B3DAC-40B6-484D-AE33-EC75089C9DBD}.Release|Any CPU.Build.0 = Release|Any CPU
		{B285CDFF-1C61-40CE-9CD8-D139C819E094}.Debug|Any CPU.ActiveCfg = Debug|Any CPU
		{B285CDFF-1C61-40CE-9CD8-D139C819E094}.Debug|Any CPU.Build.0 = Debug|Any CPU
		{B285CDFF-1C61-40CE-9CD8-D139C819E094}.Release|Any CPU.ActiveCfg = Release|Any CPU
		{B285CDFF-1C61-40CE-9CD8-D139C819E094}.Release|Any CPU.Build.0 = Release|Any CPU
		{4CC5B866-40BA-4B98-B0A2-E79A16D8D24E}.Debug|Any CPU.ActiveCfg = Debug|Any CPU
		{4CC5B866-40BA-4B98-B0A2-E79A16D8D24E}.Debug|Any CPU.Build.0 = Debug|Any CPU
		{4CC5B866-40BA-4B98-B0A2-E79A16D8D24E}.Release|Any CPU.ActiveCfg = Release|Any CPU
		{4CC5B866-40BA-4B98-B0A2-E79A16D8D24E}.Release|Any CPU.Build.0 = Release|Any CPU
		{704A5BE5-6569-49FC-A4FD-DEBB1DC6998F}.Debug|Any CPU.ActiveCfg = Debug|Any CPU
		{704A5BE5-6569-49FC-A4FD-DEBB1DC6998F}.Debug|Any CPU.Build.0 = Debug|Any CPU
		{704A5BE5-6569-49FC-A4FD-DEBB1DC6998F}.Release|Any CPU.ActiveCfg = Release|Any CPU
		{704A5BE5-6569-49FC-A4FD-DEBB1DC6998F}.Release|Any CPU.Build.0 = Release|Any CPU
		{D0C4EBF5-FB42-49A2-BC04-50D3CC72D109}.Debug|Any CPU.ActiveCfg = Debug|Any CPU
		{D0C4EBF5-FB42-49A2-BC04-50D3CC72D109}.Debug|Any CPU.Build.0 = Debug|Any CPU
		{D0C4EBF5-FB42-49A2-BC04-50D3CC72D109}.Release|Any CPU.ActiveCfg = Release|Any CPU
		{D0C4EBF5-FB42-49A2-BC04-50D3CC72D109}.Release|Any CPU.Build.0 = Release|Any CPU
		{22DFC601-6977-45A3-9CE4-2565A228A191}.Debug|Any CPU.ActiveCfg = Debug|Any CPU
		{22DFC601-6977-45A3-9CE4-2565A228A191}.Debug|Any CPU.Build.0 = Debug|Any CPU
		{22DFC601-6977-45A3-9CE4-2565A228A191}.Release|Any CPU.ActiveCfg = Release|Any CPU
		{22DFC601-6977-45A3-9CE4-2565A228A191}.Release|Any CPU.Build.0 = Release|Any CPU
	EndGlobalSection
	GlobalSection(SolutionProperties) = preSolution
		HideSolutionNode = FALSE
	EndGlobalSection
	GlobalSection(ExtensibilityGlobals) = postSolution
		SolutionGuid = {A194CD51-D43D-45DF-8C34-DADD7AEF54F0}
	EndGlobalSection
EndGlobal
